<?xml version="1.0" encoding="utf-8"?>
<Project ToolsVersion="4.0" xmlns="http://schemas.microsoft.com/developer/msbuild/2003">
  <ItemGroup>
    <Filter Include="Source Files">
      <UniqueIdentifier>{4FC737F1-C7A5-4376-A066-2A32D752A2FF}</UniqueIdentifier>
      <Extensions>cpp;c;cc;cxx;def;odl;idl;hpj;bat;asm;asmx</Extensions>
    </Filter>
    <Filter Include="Header Files">
      <UniqueIdentifier>{93995380-89BD-4b04-88EB-625FBE52EBFB}</UniqueIdentifier>
      <Extensions>h;hpp;hxx;hm;inl;inc;xsd</Extensions>
    </Filter>
    <Filter Include="Resource Files">
      <UniqueIdentifier>{67DA6AB6-F800-4c08-8B7A-83BB121AAD01}</UniqueIdentifier>
      <Extensions>rc;ico;cur;bmp;dlg;rc2;rct;bin;rgs;gif;jpg;jpeg;jpe;resx;tiff;tif;png;wav;mfcribbon-ms</Extensions>
    </Filter>
  </ItemGroup>
  <ItemGroup>
    <ClInclude Include="cqp.h">
      <Filter>Header Files</Filter>
    </ClInclude>
    <ClInclude Include="appmain.h">
      <Filter>Header Files</Filter>
    </ClInclude>
    <ClInclude Include="app\eat.h">
      <Filter>Header Files</Filter>
    </ClInclude>
    <ClInclude Include="app\monopoly.h">
      <Filter>Header Files</Filter>
    </ClInclude>
    <ClInclude Include="cpp-base64\base64.h">
      <Filter>Header Files</Filter>
    </ClInclude>
    <ClInclude Include="sqlite3\sqlite3.h">
      <Filter>Header Files</Filter>
    </ClInclude>
    <ClInclude Include="app\private\qqid.h">
      <Filter>Header Files</Filter>
    </ClInclude>
    <ClInclude Include="app\help.h">
      <Filter>Header Files</Filter>
    </ClInclude>
    <ClInclude Include="app\event_case.h">
      <Filter>Header Files</Filter>
    </ClInclude>
    <ClInclude Include="app\weather.h">
      <Filter>Header Files</Filter>
    </ClInclude>
    <ClInclude Include="app\private\seniverse-apikey.h">
      <Filter>Header Files</Filter>
    </ClInclude>
    <ClInclude Include="app\private\openweather-apikey.h">
      <Filter>Header Files</Filter>
    </ClInclude>
    <ClInclude Include="app\common\dbconn.h">
      <Filter>Header Files</Filter>
    </ClInclude>
    <ClInclude Include="app\common\steam_parser.h">
      <Filter>Header Files</Filter>
    </ClInclude>
    <ClInclude Include="app\common\weathercn_api.h">
      <Filter>Header Files</Filter>
    </ClInclude>
    <ClInclude Include="utils\time_evt.h">
      <Filter>Header Files</Filter>
    </ClInclude>
    <ClInclude Include="utils\simple_str.h">
      <Filter>Header Files</Filter>
    </ClInclude>
    <ClInclude Include="utils\rand.h">
      <Filter>Header Files</Filter>
    </ClInclude>
    <ClInclude Include="utils\encoding.h">
      <Filter>Header Files</Filter>
    </ClInclude>
    <ClInclude Include="utils\string_util.h">
      <Filter>Header Files</Filter>
    </ClInclude>
    <ClInclude Include="utils\time_util.h">
      <Filter>Header Files</Filter>
    </ClInclude>
    <ClInclude Include="app\data\group.h">
      <Filter>Header Files</Filter>
    </ClInclude>
    <ClInclude Include="app\data\user.h">
      <Filter>Header Files</Filter>
    </ClInclude>
    <ClInclude Include="app\case.h">
      <Filter>Header Files</Filter>
    </ClInclude>
    <ClInclude Include="app\gambol.h">
      <Filter>Header Files</Filter>
    </ClInclude>
    <ClInclude Include="app\user_op.h">
      <Filter>Header Files</Filter>
    </ClInclude>
    <ClInclude Include="app\smoke.h">
      <Filter>Header Files</Filter>
    </ClInclude>
    <ClInclude Include="cqp_ex.h">
      <Filter>Header Files</Filter>
    </ClInclude>
    <ClInclude Include="app\tools.h">
      <Filter>Header Files</Filter>
    </ClInclude>
  </ItemGroup>
  <ItemGroup>
    <ClCompile Include="dllmain.cpp">
      <Filter>Source Files</Filter>
    </ClCompile>
    <ClCompile Include="appmain.cpp">
      <Filter>Source Files</Filter>
    </ClCompile>
    <ClCompile Include="app\eat.cpp">
      <Filter>Source Files</Filter>
    </ClCompile>
    <ClCompile Include="app\monopoly.cpp">
      <Filter>Source Files</Filter>
    </ClCompile>
    <ClCompile Include="cpp-base64\base64.cpp">
      <Filter>Source Files</Filter>
    </ClCompile>
    <ClCompile Include="app\private\qqid.cpp">
      <Filter>Source Files</Filter>
    </ClCompile>
    <ClCompile Include="app\help.cpp">
      <Filter>Source Files</Filter>
    </ClCompile>
    <ClCompile Include="app\event_case.cpp">
      <Filter>Source Files</Filter>
    </ClCompile>
    <ClCompile Include="app\event_case_def.cpp">
      <Filter>Source Files</Filter>
    </ClCompile>
    <ClCompile Include="app\weather.cpp">
      <Filter>Source Files</Filter>
    </ClCompile>
    <ClCompile Include="app\common\dbconn.cpp">
      <Filter>Source Files</Filter>
    </ClCompile>
    <ClCompile Include="app\common\steam_parser.cpp">
      <Filter>Source Files</Filter>
    </ClCompile>
    <ClCompile Include="utils\time_evt.cpp">
      <Filter>Source Files</Filter>
    </ClCompile>
    <ClCompile Include="utils\encoding.cpp">
      <Filter>Source Files</Filter>
    </ClCompile>
    <ClCompile Include="utils\string_util.cpp">
      <Filter>Source Files</Filter>
    </ClCompile>
    <ClCompile Include="app\data\group.cpp">
      <Filter>Source Files</Filter>
    </ClCompile>
    <ClCompile Include="app\data\user.cpp">
      <Filter>Source Files</Filter>
    </ClCompile>
    <ClCompile Include="app\case.cpp">
      <Filter>Source Files</Filter>
    </ClCompile>
    <ClCompile Include="app\gambol.cpp">
      <Filter>Source Files</Filter>
    </ClCompile>
    <ClCompile Include="app\user_op.cpp">
      <Filter>Source Files</Filter>
    </ClCompile>
    <ClCompile Include="app\smoke.cpp">
      <Filter>Source Files</Filter>
    </ClCompile>
    <ClCompile Include="cqp_ex.cpp">
      <Filter>Source Files</Filter>
    </ClCompile>
    <ClCompile Include="app\tools.cpp">
      <Filter>Source Files</Filter>
    </ClCompile>
    <ClCompile Include="app\case_def.cpp">
      <Filter>Source Files</Filter>
    </ClCompile>
  </ItemGroup>
  <ItemGroup>
    <None Include="app.json" />
    <None Include="packages.config" />
  </ItemGroup>
</Project>